{
  "name": "@ernest-chen/vue-msal-b2c",
  "version": "3.2.2",
  "lockfileVersion": 1,
  "requires": true,
  "dependencies": {
    "@types/lodash": {
      "version": "4.14.138",
      "resolved": "https://registry.npmjs.org/@types/lodash/-/lodash-4.14.138.tgz",
      "integrity": "sha512-A4uJgHz4hakwNBdHNPdxOTkYmXNgmUAKLbXZ7PKGslgeV0Mb8P3BlbYfPovExek1qnod4pDfRbxuzcVs3dlFLg==",
      "dev": true
    },
    "axios": {
      "version": "0.21.1",
      "resolved": "https://registry.npmjs.org/axios/-/axios-0.21.1.tgz",
      "integrity": "sha512-dKQiRHxGD9PPRIUNIWvZhPTPpl1rf/OxTYKsqKUDjBwYylTvV7SjSHJb9ratfyzM6wCdLCOYLzs73qpg5c4iGA==",
      "requires": {
        "follow-redirects": "^1.10.0"
      }
    },
    "follow-redirects": {
      "version": "1.14.1",
      "resolved": "https://registry.npmjs.org/follow-redirects/-/follow-redirects-1.14.1.tgz",
      "integrity": "sha512-HWqDgT7ZEkqRzBvc2s64vSZ/hfOceEol3ac/7tKwzuvEyWx3/4UegXh5oBOIotkGsObyk3xznnSRVADBgWSQVg=="
    },
    "lodash": {
      "version": "4.17.21",
      "resolved": "https://registry.npmjs.org/lodash/-/lodash-4.17.21.tgz",
      "integrity": "sha512-v2kDEe57lecTulaDIuNTPy3Ry4gLGJ6Z1O3vE1krgXZNrsQ+LFTGHVxVjcXPs17LhbZVGedAJv8XZ1tvj5FvSg=="
    },
    "msal": {
      "version": "1.4.11",
      "resolved": "https://registry.npmjs.org/msal/-/msal-1.4.11.tgz",
      "integrity": "sha512-8vW5/+irlcQQk87r8Qp3/kQEc552hr7FQLJ6GF5LLkqnwJDDxrswz6RYPiQhmiampymIs0PbHVZrNf8m+6DmgQ==",
      "requires": {
        "tslib": "^1.9.3"
      }
    },
    "tslib": {
      "version": "1.14.1",
      "resolved": "https://registry.npmjs.org/tslib/-/tslib-1.14.1.tgz",
      "integrity": "sha512-Xni35NKzjgMrwevysHTCArtLDpPvye8zV/0E4EyYn43P7/7qvQwPh9BGkHewbMulVntbigmcT7rdX3BNo9wRJg=="
    }
  }
}
